// !$*UTF8*$!
{
	archiveVersion = 1;
	classes = {
	};
	objectVersion = 50;
	objects = {

/* Begin PBXBuildFile section */
		6CF882DC25C042FE0025E749 /* AppDelegate.swift in Sources */ = {isa = PBXBuildFile; fileRef = 6CF882DB25C042FE0025E749 /* AppDelegate.swift */; };
		6CF882DE25C042FE0025E749 /* SceneDelegate.swift in Sources */ = {isa = PBXBuildFile; fileRef = 6CF882DD25C042FE0025E749 /* SceneDelegate.swift */; };
		6CF882E025C042FE0025E749 /* ViewController.swift in Sources */ = {isa = PBXBuildFile; fileRef = 6CF882DF25C042FE0025E749 /* ViewController.swift */; };
		6CF882E325C042FE0025E749 /* Main.storyboard in Resources */ = {isa = PBXBuildFile; fileRef = 6CF882E125C042FE0025E749 /* Main.storyboard */; };
		6CF882E525C043030025E749 /* Assets.xcassets in Resources */ = {isa = PBXBuildFile; fileRef = 6CF882E425C043030025E749 /* Assets.xcassets */; };
		6CF882E825C043030025E749 /* LaunchScreen.storyboard in Resources */ = {isa = PBXBuildFile; fileRef = 6CF882E625C043030025E749 /* LaunchScreen.storyboard */; };
		6CF882F325C043030025E749 /* Module6_HW_1Tests.swift in Sources */ = {isa = PBXBuildFile; fileRef = 6CF882F225C043030025E749 /* Module6_HW_1Tests.swift */; };
		6CF882FE25C043030025E749 /* Module6_HW_1UITests.swift in Sources */ = {isa = PBXBuildFile; fileRef = 6CF882FD25C043030025E749 /* Module6_HW_1UITests.swift */; };
/* End PBXBuildFile section */

/* Begin PBXContainerItemProxy section */
		6CF882EF25C043030025E749 /* PBXContainerItemProxy */ = {
			isa = PBXContainerItemProxy;
			containerPortal = 6CF882D025C042FE0025E749 /* Project object */;
			proxyType = 1;
			remoteGlobalIDString = 6CF882D725C042FE0025E749;
			remoteInfo = "Module6-HW-1";
		};
		6CF882FA25C043030025E749 /* PBXContainerItemProxy */ = {
			isa = PBXContainerItemProxy;
			containerPortal = 6CF882D025C042FE0025E749 /* Project object */;
			proxyType = 1;
			remoteGlobalIDString = 6CF882D725C042FE0025E749;
			remoteInfo = "Module6-HW-1";
		};
/* End PBXContainerItemProxy section */

/* Begin PBXFileReference section */
		6CF882D825C042FE0025E749 /* Module6-HW-1.app */ = {isa = PBXFileReference; explicitFileType = wrapper.application; includeInIndex = 0; path = "Module6-HW-1.app"; sourceTree = BUILT_PRODUCTS_DIR; };
		6CF882DB25C042FE0025E749 /* AppDelegate.swift */ = {isa = PBXFileReference; lastKnownFileType = sourcecode.swift; path = AppDelegate.swift; sourceTree = "<group>"; };
		6CF882DD25C042FE0025E749 /* SceneDelegate.swift */ = {isa = PBXFileReference; lastKnownFileType = sourcecode.swift; path = SceneDelegate.swift; sourceTree = "<group>"; };
		6CF882DF25C042FE0025E749 /* ViewController.swift */ = {isa = PBXFileReference; lastKnownFileType = sourcecode.swift; path = ViewController.swift; sourceTree = "<group>"; };
		6CF882E225C042FE0025E749 /* Base */ = {isa = PBXFileReference; lastKnownFileType = file.storyboard; name = Base; path = Base.lproj/Main.storyboard; sourceTree = "<group>"; };
		6CF882E425C043030025E749 /* Assets.xcassets */ = {isa = PBXFileReference; lastKnownFileType = folder.assetcatalog; path = Assets.xcassets; sourceTree = "<group>"; };
		6CF882E725C043030025E749 /* Base */ = {isa = PBXFileReference; lastKnownFileType = file.storyboard; name = Base; path = Base.lproj/LaunchScreen.storyboard; sourceTree = "<group>"; };
		6CF882E925C043030025E749 /* Info.plist */ = {isa = PBXFileReference; lastKnownFileType = text.plist.xml; path = Info.plist; sourceTree = "<group>"; };
		6CF882EE25C043030025E749 /* Module6-HW-1Tests.xctest */ = {isa = PBXFileReference; explicitFileType = wrapper.cfbundle; includeInIndex = 0; path = "Module6-HW-1Tests.xctest"; sourceTree = BUILT_PRODUCTS_DIR; };
		6CF882F225C043030025E749 /* Module6_HW_1Tests.swift */ = {isa = PBXFileReference; lastKnownFileType = sourcecode.swift; path = Module6_HW_1Tests.swift; sourceTree = "<group>"; };
		6CF882F425C043030025E749 /* Info.plist */ = {isa = PBXFileReference; lastKnownFileType = text.plist.xml; path = Info.plist; sourceTree = "<group>"; };
		6CF882F925C043030025E749 /* Module6-HW-1UITests.xctest */ = {isa = PBXFileReference; explicitFileType = wrapper.cfbundle; includeInIndex = 0; path = "Module6-HW-1UITests.xctest"; sourceTree = BUILT_PRODUCTS_DIR; };
		6CF882FD25C043030025E749 /* Module6_HW_1UITests.swift */ = {isa = PBXFileReference; lastKnownFileType = sourcecode.swift; path = Module6_HW_1UITests.swift; sourceTree = "<group>"; };
		6CF882FF25C043030025E749 /* Info.plist */ = {isa = PBXFileReference; lastKnownFileType = text.plist.xml; path = Info.plist; sourceTree = "<group>"; };
/* End PBXFileReference section */

/* Begin PBXFrameworksBuildPhase section */
		6CF882D525C042FE0025E749 /* Frameworks */ = {
			isa = PBXFrameworksBuildPhase;
			buildActionMask = 2147483647;
			files = (
			);
			runOnlyForDeploymentPostprocessing = 0;
		};
		6CF882EB25C043030025E749 /* Frameworks */ = {
			isa = PBXFrameworksBuildPhase;
			buildActionMask = 2147483647;
			files = (
			);
			runOnlyForDeploymentPostprocessing = 0;
		};
		6CF882F625C043030025E749 /* Frameworks */ = {
			isa = PBXFrameworksBuildPhase;
			buildActionMask = 2147483647;
			files = (
			);
			runOnlyForDeploymentPostprocessing = 0;
		};
/* End PBXFrameworksBuildPhase section */

/* Begin PBXGroup section */
		6CF882CF25C042FE0025E749 = {
			isa = PBXGroup;
			children = (
				6CF882DA25C042FE0025E749 /* Module6-HW-1 */,
				6CF882F125C043030025E749 /* Module6-HW-1Tests */,
				6CF882FC25C043030025E749 /* Module6-HW-1UITests */,
				6CF882D925C042FE0025E749 /* Products */,
			);
			sourceTree = "<group>";
		};
		6CF882D925C042FE0025E749 /* Products */ = {
			isa = PBXGroup;
			children = (
				6CF882D825C042FE0025E749 /* Module6-HW-1.app */,
				6CF882EE25C043030025E749 /* Module6-HW-1Tests.xctest */,
				6CF882F925C043030025E749 /* Module6-HW-1UITests.xctest */,
			);
			name = Products;
			sourceTree = "<group>";
		};
		6CF882DA25C042FE0025E749 /* Module6-HW-1 */ = {
			isa = PBXGroup;
			children = (
				6CF882DB25C042FE0025E749 /* AppDelegate.swift */,
				6CF882DD25C042FE0025E749 /* SceneDelegate.swift */,
				6CF882DF25C042FE0025E749 /* ViewController.swift */,
				6CF882E125C042FE0025E749 /* Main.storyboard */,
				6CF882E425C043030025E749 /* Assets.xcassets */,
				6CF882E625C043030025E749 /* LaunchScreen.storyboard */,
				6CF882E925C043030025E749 /* Info.plist */,
			);
			path = "Module6-HW-1";
			sourceTree = "<group>";
		};
		6CF882F125C043030025E749 /* Module6-HW-1Tests */ = {
			isa = PBXGroup;
			children = (
				6CF882F225C043030025E749 /* Module6_HW_1Tests.swift */,
				6CF882F425C043030025E749 /* Info.plist */,
			);
			path = "Module6-HW-1Tests";
			sourceTree = "<group>";
		};
		6CF882FC25C043030025E749 /* Module6-HW-1UITests */ = {
			isa = PBXGroup;
			children = (
				6CF882FD25C043030025E749 /* Module6_HW_1UITests.swift */,
				6CF882FF25C043030025E749 /* Info.plist */,
			);
			path = "Module6-HW-1UITests";
			sourceTree = "<group>";
		};
/* End PBXGroup section */

/* Begin PBXNativeTarget section */
		6CF882D725C042FE0025E749 /* Module6-HW-1 */ = {
			isa = PBXNativeTarget;
			buildConfigurationList = 6CF8830225C043030025E749 /* Build configuration list for PBXNativeTarget "Module6-HW-1" */;
			buildPhases = (
				6CF882D425C042FE0025E749 /* Sources */,
				6CF882D525C042FE0025E749 /* Frameworks */,
				6CF882D625C042FE0025E749 /* Resources */,
			);
			buildRules = (
			);
			dependencies = (
			);
			name = "Module6-HW-1";
			productName = "Module6-HW-1";
			productReference = 6CF882D825C042FE0025E749 /* Module6-HW-1.app */;
			productType = "com.apple.product-type.application";
		};
		6CF882ED25C043030025E749 /* Module6-HW-1Tests */ = {
			isa = PBXNativeTarget;
			buildConfigurationList = 6CF8830525C043030025E749 /* Build configuration list for PBXNativeTarget "Module6-HW-1Tests" */;
			buildPhases = (
				6CF882EA25C043030025E749 /* Sources */,
				6CF882EB25C043030025E749 /* Frameworks */,
				6CF882EC25C043030025E749 /* Resources */,
			);
			buildRules = (
			);
			dependencies = (
				6CF882F025C043030025E749 /* PBXTargetDependency */,
			);
			name = "Module6-HW-1Tests";
			productName = "Module6-HW-1Tests";
			productReference = 6CF882EE25C043030025E749 /* Module6-HW-1Tests.xctest */;
			productType = "com.apple.product-type.bundle.unit-test";
		};
		6CF882F825C043030025E749 /* Module6-HW-1UITests */ = {
			isa = PBXNativeTarget;
			buildConfigurationList = 6CF8830825C043030025E749 /* Build configuration list for PBXNativeTarget "Module6-HW-1UITests" */;
			buildPhases = (
				6CF882F525C043030025E749 /* Sources */,
				6CF882F625C043030025E749 /* Frameworks */,
				6CF882F725C043030025E749 /* Resources */,
			);
			buildRules = (
			);
			dependencies = (
				6CF882FB25C043030025E749 /* PBXTargetDependency */,
			);
			name = "Module6-HW-1UITests";
			productName = "Module6-HW-1UITests";
			productReference = 6CF882F925C043030025E749 /* Module6-HW-1UITests.xctest */;
			productType = "com.apple.product-type.bundle.ui-testing";
		};
/* End PBXNativeTarget section */

/* Begin PBXProject section */
		6CF882D025C042FE0025E749 /* Project object */ = {
			isa = PBXProject;
			attributes = {
				LastSwiftUpdateCheck = 1220;
				LastUpgradeCheck = 1220;
				TargetAttributes = {
					6CF882D725C042FE0025E749 = {
						CreatedOnToolsVersion = 12.2;
					};
					6CF882ED25C043030025E749 = {
						CreatedOnToolsVersion = 12.2;
						TestTargetID = 6CF882D725C042FE0025E749;
					};
					6CF882F825C043030025E749 = {
						CreatedOnToolsVersion = 12.2;
						TestTargetID = 6CF882D725C042FE0025E749;
					};
				};
			};
			buildConfigurationList = 6CF882D325C042FE0025E749 /* Build configuration list for PBXProject "Module6-HW-1" */;
			compatibilityVersion = "Xcode 9.3";
			developmentRegion = en;
			hasScannedForEncodings = 0;
			knownRegions = (
				en,
				Base,
			);
			mainGroup = 6CF882CF25C042FE0025E749;
			productRefGroup = 6CF882D925C042FE0025E749 /* Products */;
			projectDirPath = "";
			projectRoot = "";
			targets = (
				6CF882D725C042FE0025E749 /* Module6-HW-1 */,
				6CF882ED25C043030025E749 /* Module6-HW-1Tests */,
				6CF882F825C043030025E749 /* Module6-HW-1UITests */,
			);
		};
/* End PBXProject section */

/* Begin PBXResourcesBuildPhase section */
		6CF882D625C042FE0025E749 /* Resources */ = {
			isa = PBXResourcesBuildPhase;
			buildActionMask = 2147483647;
			files = (
				6CF882E825C043030025E749 /* LaunchScreen.storyboard in Resources */,
				6CF882E525C043030025E749 /* Assets.xcassets in Resources */,
				6CF882E325C042FE0025E749 /* Main.storyboard in Resources */,
			);
			runOnlyForDeploymentPostprocessing = 0;
		};
		6CF882EC25C043030025E749 /* Resources */ = {
			isa = PBXResourcesBuildPhase;
			buildActionMask = 2147483647;
			files = (
			);
			runOnlyForDeploymentPostprocessing = 0;
		};
		6CF882F725C043030025E749 /* Resources */ = {
			isa = PBXResourcesBuildPhase;
			buildActionMask = 2147483647;
			files = (
			);
			runOnlyForDeploymentPostprocessing = 0;
		};
/* End PBXResourcesBuildPhase section */

/* Begin PBXSourcesBuildPhase section */
		6CF882D425C042FE0025E749 /* Sources */ = {
			isa = PBXSourcesBuildPhase;
			buildActionMask = 2147483647;
			files = (
				6CF882E025C042FE0025E749 /* ViewController.swift in Sources */,
				6CF882DC25C042FE0025E749 /* AppDelegate.swift in Sources */,
				6CF882DE25C042FE0025E749 /* SceneDelegate.swift in Sources */,
			);
			runOnlyForDeploymentPostprocessing = 0;
		};
		6CF882EA25C043030025E749 /* Sources */ = {
			isa = PBXSourcesBuildPhase;
			buildActionMask = 2147483647;
			files = (
				6CF882F325C043030025E749 /* Module6_HW_1Tests.swift in Sources */,
			);
			runOnlyForDeploymentPostprocessing = 0;
		};
		6CF882F525C043030025E749 /* Sources */ = {
			isa = PBXSourcesBuildPhase;
			buildActionMask = 2147483647;
			files = (
				6CF882FE25C043030025E749 /* Module6_HW_1UITests.swift in Sources */,
			);
			runOnlyForDeploymentPostprocessing = 0;
		};
/* End PBXSourcesBuildPhase section */

/* Begin PBXTargetDependency section */
		6CF882F025C043030025E749 /* PBXTargetDependency */ = {
			isa = PBXTargetDependency;
			target = 6CF882D725C042FE0025E749 /* Module6-HW-1 */;
			targetProxy = 6CF882EF25C043030025E749 /* PBXContainerItemProxy */;
		};
		6CF882FB25C043030025E749 /* PBXTargetDependency */ = {
			isa = PBXTargetDependency;
			target = 6CF882D725C042FE0025E749 /* Module6-HW-1 */;
			targetProxy = 6CF882FA25C043030025E749 /* PBXContainerItemProxy */;
		};
/* End PBXTargetDependency section */

/* Begin PBXVariantGroup section */
		6CF882E125C042FE0025E749 /* Main.storyboard */ = {
			isa = PBXVariantGroup;
			children = (
				6CF882E225C042FE0025E749 /* Base */,
			);
			name = Main.storyboard;
			sourceTree = "<group>";
		};
		6CF882E625C043030025E749 /* LaunchScreen.storyboard */ = {
			isa = PBXVariantGroup;
			children = (
				6CF882E725C043030025E749 /* Base */,
			);
			name = LaunchScreen.storyboard;
			sourceTree = "<group>";
		};
/* End PBXVariantGroup section */

/* Begin XCBuildConfiguration section */
		6CF8830025C043030025E749 /* Debug */ = {
			isa = XCBuildConfiguration;
			buildSettings = {
				ALWAYS_SEARCH_USER_PATHS = NO;
				CLANG_ANALYZER_NONNULL = YES;
				CLANG_ANALYZER_NUMBER_OBJECT_CONVERSION = YES_AGGRESSIVE;
				CLANG_CXX_LANGUAGE_STANDARD = "gnu++14";
				CLANG_CXX_LIBRARY = "libc++";
				CLANG_ENABLE_MODULES = YES;
				CLANG_ENABLE_OBJC_ARC = YES;
				CLANG_ENABLE_OBJC_WEAK = YES;
				CLANG_WARN_BLOCK_CAPTURE_AUTORELEASING = YES;
				CLANG_WARN_BOOL_CONVERSION = YES;
				CLANG_WARN_COMMA = YES;
				CLANG_WARN_CONSTANT_CONVERSION = YES;
				CLANG_WARN_DEPRECATED_OBJC_IMPLEMENTATIONS = YES;
				CLANG_WARN_DIRECT_OBJC_ISA_USAGE = YES_ERROR;
				CLANG_WARN_DOCUMENTATION_COMMENTS = YES;
				CLANG_WARN_EMPTY_BODY = YES;
				CLANG_WARN_ENUM_CONVERSION = YES;
				CLANG_WARN_INFINITE_RECURSION = YES;
				CLANG_WARN_INT_CONVERSION = YES;
				CLANG_WARN_NON_LITERAL_NULL_CONVERSION = YES;
				CLANG_WARN_OBJC_IMPLICIT_RETAIN_SELF = YES;
				CLANG_WARN_OBJC_LITERAL_CONVERSION = YES;
				CLANG_WARN_OBJC_ROOT_CLASS = YES_ERROR;
				CLANG_WARN_QUOTED_INCLUDE_IN_FRAMEWORK_HEADER = YES;
				CLANG_WARN_RANGE_LOOP_ANALYSIS = YES;
				CLANG_WARN_STRICT_PROTOTYPES = YES;
				CLANG_WARN_SUSPICIOUS_MOVE = YES;
				CLANG_WARN_UNGUARDED_AVAILABILITY = YES_AGGRESSIVE;
				CLANG_WARN_UNREACHABLE_CODE = YES;
				CLANG_WARN__DUPLICATE_METHOD_MATCH = YES;
				COPY_PHASE_STRIP = NO;
				DEBUG_INFORMATION_FORMAT = dwarf;
				ENABLE_STRICT_OBJC_MSGSEND = YES;
				ENABLE_TESTABILITY = YES;
				GCC_C_LANGUAGE_STANDARD = gnu11;
				GCC_DYNAMIC_NO_PIC = NO;
				GCC_NO_COMMON_BLOCKS = YES;
				GCC_OPTIMIZATION_LEVEL = 0;
				GCC_PREPROCESSOR_DEFINITIONS = (
					"DEBUG=1",
					"$(inherited)",
				);
				GCC_WARN_64_TO_32_BIT_CONVERSION = YES;
				GCC_WARN_ABOUT_RETURN_TYPE = YES_ERROR;
				GCC_WARN_UNDECLARED_SELECTOR = YES;
				GCC_WARN_UNINITIALIZED_AUTOS = YES_AGGRESSIVE;
				GCC_WARN_UNUSED_FUNCTION = YES;
				GCC_WARN_UNUSED_VARIABLE = YES;
				IPHONEOS_DEPLOYMENT_TARGET = 14.2;
				MTL_ENABLE_DEBUG_INFO = INCLUDE_SOURCE;
				MTL_FAST_MATH = YES;
				ONLY_ACTIVE_ARCH = YES;
				SDKROOT = iphoneos;
				SWIFT_ACTIVE_COMPILATION_CONDITIONS = DEBUG;
				SWIFT_OPTIMIZATION_LEVEL = "-Onone";
			};
			name = Debug;
		};
		6CF8830125C043030025E749 /* Release */ = {
			isa = XCBuildConfiguration;
			buildSettings = {
				ALWAYS_SEARCH_USER_PATHS = NO;
				CLANG_ANALYZER_NONNULL = YES;
				CLANG_ANALYZER_NUMBER_OBJECT_CONVERSION = YES_AGGRESSIVE;
				CLANG_CXX_LANGUAGE_STANDARD = "gnu++14";
				CLANG_CXX_LIBRARY = "libc++";
				CLANG_ENABLE_MODULES = YES;
				CLANG_ENABLE_OBJC_ARC = YES;
				CLANG_ENABLE_OBJC_WEAK = YES;
				CLANG_WARN_BLOCK_CAPTURE_AUTORELEASING = YES;
				CLANG_WARN_BOOL_CONVERSION = YES;
				CLANG_WARN_COMMA = YES;
				CLANG_WARN_CONSTANT_CONVERSION = YES;
				CLANG_WARN_DEPRECATED_OBJC_IMPLEMENTATIONS = YES;
				CLANG_WARN_DIRECT_OBJC_ISA_USAGE = YES_ERROR;
				CLANG_WARN_DOCUMENTATION_COMMENTS = YES;
				CLANG_WARN_EMPTY_BODY = YES;
				CLANG_WARN_ENUM_CONVERSION = YES;
				CLANG_WARN_INFINITE_RECURSION = YES;
				CLANG_WARN_INT_CONVERSION = YES;
				CLANG_WARN_NON_LITERAL_NULL_CONVERSION = YES;
				CLANG_WARN_OBJC_IMPLICIT_RETAIN_SELF = YES;
				CLANG_WARN_OBJC_LITERAL_CONVERSION = YES;
				CLANG_WARN_OBJC_ROOT_CLASS = YES_ERROR;
				CLANG_WARN_QUOTED_INCLUDE_IN_FRAMEWORK_HEADER = YES;
				CLANG_WARN_RANGE_LOOP_ANALYSIS = YES;
				CLANG_WARN_STRICT_PROTOTYPES = YES;
				CLANG_WARN_SUSPICIOUS_MOVE = YES;
				CLANG_WARN_UNGUARDED_AVAILABILITY = YES_AGGRESSIVE;
				CLANG_WARN_UNREACHABLE_CODE = YES;
				CLANG_WARN__DUPLICATE_METHOD_MATCH = YES;
				COPY_PHASE_STRIP = NO;
				DEBUG_INFORMATION_FORMAT = "dwarf-with-dsym";
				ENABLE_NS_ASSERTIONS = NO;
				ENABLE_STRICT_OBJC_MSGSEND = YES;
				GCC_C_LANGUAGE_STANDARD = gnu11;
				GCC_NO_COMMON_BLOCKS = YES;
				GCC_WARN_64_TO_32_BIT_CONVERSION = YES;
				GCC_WARN_ABOUT_RETURN_TYPE = YES_ERROR;
				GCC_WARN_UNDECLARED_SELECTOR = YES;
				GCC_WARN_UNINITIALIZED_AUTOS = YES_AGGRESSIVE;
				GCC_WARN_UNUSED_FUNCTION = YES;
				GCC_WARN_UNUSED_VARIABLE = YES;
				IPHONEOS_DEPLOYMENT_TARGET = 14.2;
				MTL_ENABLE_DEBUG_INFO = NO;
				MTL_FAST_MATH = YES;
				SDKROOT = iphoneos;
				SWIFT_COMPILATION_MODE = wholemodule;
				SWIFT_OPTIMIZATION_LEVEL = "-O";
				VALIDATE_PRODUCT = YES;
			};
			name = Release;
		};
		6CF8830325C043030025E749 /* Debug */ = {
			isa = XCBuildConfiguration;
			buildSettings = {
				ASSETCATALOG_COMPILER_APPICON_NAME = AppIcon;
				ASSETCATALOG_COMPILER_GLOBAL_ACCENT_COLOR_NAME = AccentColor;
				CODE_SIGN_STYLE = Automatic;
				DEVELOPMENT_TEAM = 775VFUW2T5;
				INFOPLIST_FILE = "Module6-HW-1/Info.plist";
				LD_RUNPATH_SEARCH_PATHS = (
					"$(inherited)",
					"@executable_path/Frameworks",
				);
				PRODUCT_BUNDLE_IDENTIFIER = "com.maxd.Module6-HW-1";
				PRODUCT_NAME = "$(TARGET_NAME)";
				SWIFT_VERSION = 5.0;
				TARGETED_DEVICE_FAMILY = "1,2";
			};
			name = Debug;
		};
		6CF8830425C043030025E749 /* Release */ = {
			isa = XCBuildConfiguration;
			buildSettings = {
				ASSETCATALOG_COMPILER_APPICON_NAME = AppIcon;
				ASSETCATALOG_COMPILER_GLOBAL_ACCENT_COLOR_NAME = AccentColor;
				CODE_SIGN_STYLE = Automatic;
				DEVELOPMENT_TEAM = 775VFUW2T5;
				INFOPLIST_FILE = "Module6-HW-1/Info.plist";
				LD_RUNPATH_SEARCH_PATHS = (
					"$(inherited)",
					"@executable_path/Frameworks",
				);
				PRODUCT_BUNDLE_IDENTIFIER = "com.maxd.Module6-HW-1";
				PRODUCT_NAME = "$(TARGET_NAME)";
				SWIFT_VERSION = 5.0;
				TARGETED_DEVICE_FAMILY = "1,2";
			};
			name = Release;
		};
		6CF8830625C043030025E749 /* Debug */ = {
			isa = XCBuildConfiguration;
			buildSettings = {
				ALWAYS_EMBED_SWIFT_STANDARD_LIBRARIES = YES;
				BUNDLE_LOADER = "$(TEST_HOST)";
				CODE_SIGN_STYLE = Automatic;
				DEVELOPMENT_TEAM = 775VFUW2T5;
				INFOPLIST_FILE = "Module6-HW-1Tests/Info.plist";
				IPHONEOS_DEPLOYMENT_TARGET = 14.2;
				LD_RUNPATH_SEARCH_PATHS = (
					"$(inherited)",
					"@executable_path/Frameworks",
					"@loader_path/Frameworks",
				);
				PRODUCT_BUNDLE_IDENTIFIER = "com.maxd.Module6-HW-1Tests";
				PRODUCT_NAME = "$(TARGET_NAME)";
				SWIFT_VERSION = 5.0;
				TARGETED_DEVICE_FAMILY = "1,2";
				TEST_HOST = "$(BUILT_PRODUCTS_DIR)/Module6-HW-1.app/Module6-HW-1";
			};
			name = Debug;
		};
		6CF8830725C043030025E749 /* Release */ = {
			isa = XCBuildConfiguration;
			buildSettings = {
				ALWAYS_EMBED_SWIFT_STANDARD_LIBRARIES = YES;
				BUNDLE_LOADER = "$(TEST_HOST)";
				CODE_SIGN_STYLE = Automatic;
				DEVELOPMENT_TEAM = 775VFUW2T5;
				INFOPLIST_FILE = "Module6-HW-1Tests/Info.plist";
				IPHONEOS_DEPLOYMENT_TARGET = 14.2;
				LD_RUNPATH_SEARCH_PATHS = (
					"$(inherited)",
					"@executable_path/Frameworks",
					"@loader_path/Frameworks",
				);
				PRODUCT_BUNDLE_IDENTIFIER = "com.maxd.Module6-HW-1Tests";
				PRODUCT_NAME = "$(TARGET_NAME)";
				SWIFT_VERSION = 5.0;
				TARGETED_DEVICE_FAMILY = "1,2";
				TEST_HOST = "$(BUILT_PRODUCTS_DIR)/Module6-HW-1.app/Module6-HW-1";
			};
			name = Release;
		};
		6CF8830925C043030025E749 /* Debug */ = {
			isa = XCBuildConfiguration;
			buildSettings = {
				ALWAYS_EMBED_SWIFT_STANDARD_LIBRARIES = YES;
				CODE_SIGN_STYLE = Automatic;
				DEVELOPMENT_TEAM = 775VFUW2T5;
				INFOPLIST_FILE = "Module6-HW-1UITests/Info.plist";
				LD_RUNPATH_SEARCH_PATHS = (
					"$(inherited)",
					"@executable_path/Frameworks",
					"@loader_path/Frameworks",
				);
				PRODUCT_BUNDLE_IDENTIFIER = "com.maxd.Module6-HW-1UITests";
				PRODUCT_NAME = "$(TARGET_NAME)";
				SWIFT_VERSION = 5.0;
				TARGETED_DEVICE_FAMILY = "1,2";
				TEST_TARGET_NAME = "Module6-HW-1";
			};
			name = Debug;
		};
		6CF8830A25C043030025E749 /* Release */ = {
			isa = XCBuildConfiguration;
			buildSettings = {
				ALWAYS_EMBED_SWIFT_STANDARD_LIBRARIES = YES;
				CODE_SIGN_STYLE = Automatic;
				DEVELOPMENT_TEAM = 775VFUW2T5;
				INFOPLIST_FILE = "Module6-HW-1UITests/Info.plist";
				LD_RUNPATH_SEARCH_PATHS = (
					"$(inherited)",
					"@executable_path/Frameworks",
					"@loader_path/Frameworks",
				);
				PRODUCT_BUNDLE_IDENTIFIER = "com.maxd.Module6-HW-1UITests";
				PRODUCT_NAME = "$(TARGET_NAME)";
				SWIFT_VERSION = 5.0;
				TARGETED_DEVICE_FAMILY = "1,2";
				TEST_TARGET_NAME = "Module6-HW-1";
			};
			name = Release;
		};
/* End XCBuildConfiguration section */

/* Begin XCConfigurationList section */
		6CF882D325C042FE0025E749 /* Build configuration list for PBXProject "Module6-HW-1" */ = {
			isa = XCConfigurationList;
			buildConfigurations = (
				6CF8830025C043030025E749 /* Debug */,
				6CF8830125C043030025E749 /* Release */,
			);
			defaultConfigurationIsVisible = 0;
			defaultConfigurationName = Release;
		};
		6CF8830225C043030025E749 /* Build configuration list for PBXNativeTarget "Module6-HW-1" */ = {
			isa = XCConfigurationList;
			buildConfigurations = (
				6CF8830325C043030025E749 /* Debug */,
				6CF8830425C043030025E749 /* Release */,
			);
			defaultConfigurationIsVisible = 0;
			defaultConfigurationName = Release;
		};
		6CF8830525C043030025E749 /* Build configuration list for PBXNativeTarget "Module6-HW-1Tests" */ = {
			isa = XCConfigurationList;
			buildConfigurations = (
				6CF8830625C043030025E749 /* Debug */,
				6CF8830725C043030025E749 /* Release */,
			);
			defaultConfigurationIsVisible = 0;
			defaultConfigurationName = Release;
		};
		6CF8830825C043030025E749 /* Build configuration list for PBXNativeTarget "Module6-HW-1UITests" */ = {
			isa = XCConfigurationList;
			buildConfigurations = (
				6CF8830925C043030025E749 /* Debug */,
				6CF8830A25C043030025E749 /* Release */,
			);
			defaultConfigurationIsVisible = 0;
			defaultConfigurationName = Release;
		};
/* End XCConfigurationList section */
	};
	rootObject = 6CF882D025C042FE0025E749 /* Project object */;
}
