// !$*UTF8*$!
{
	archiveVersion = 1;
	classes = {
	};
	objectVersion = 50;
	objects = {

/* Begin PBXBuildFile section */
		6CF8831B25C0432C0025E749 /* AppDelegate.swift in Sources */ = {isa = PBXBuildFile; fileRef = 6CF8831A25C0432C0025E749 /* AppDelegate.swift */; };
		6CF8831D25C0432C0025E749 /* SceneDelegate.swift in Sources */ = {isa = PBXBuildFile; fileRef = 6CF8831C25C0432C0025E749 /* SceneDelegate.swift */; };
		6CF8831F25C0432C0025E749 /* ViewController.swift in Sources */ = {isa = PBXBuildFile; fileRef = 6CF8831E25C0432C0025E749 /* ViewController.swift */; };
		6CF8832225C0432C0025E749 /* Main.storyboard in Resources */ = {isa = PBXBuildFile; fileRef = 6CF8832025C0432C0025E749 /* Main.storyboard */; };
		6CF8832425C0432F0025E749 /* Assets.xcassets in Resources */ = {isa = PBXBuildFile; fileRef = 6CF8832325C0432F0025E749 /* Assets.xcassets */; };
		6CF8832725C0432F0025E749 /* LaunchScreen.storyboard in Resources */ = {isa = PBXBuildFile; fileRef = 6CF8832525C0432F0025E749 /* LaunchScreen.storyboard */; };
		6CF8833225C043300025E749 /* Module6_HW_2Tests.swift in Sources */ = {isa = PBXBuildFile; fileRef = 6CF8833125C043300025E749 /* Module6_HW_2Tests.swift */; };
		6CF8833D25C043300025E749 /* Module6_HW_2UITests.swift in Sources */ = {isa = PBXBuildFile; fileRef = 6CF8833C25C043300025E749 /* Module6_HW_2UITests.swift */; };
/* End PBXBuildFile section */

/* Begin PBXContainerItemProxy section */
		6CF8832E25C043300025E749 /* PBXContainerItemProxy */ = {
			isa = PBXContainerItemProxy;
			containerPortal = 6CF8830F25C0432C0025E749 /* Project object */;
			proxyType = 1;
			remoteGlobalIDString = 6CF8831625C0432C0025E749;
			remoteInfo = "Module6-HW-2";
		};
		6CF8833925C043300025E749 /* PBXContainerItemProxy */ = {
			isa = PBXContainerItemProxy;
			containerPortal = 6CF8830F25C0432C0025E749 /* Project object */;
			proxyType = 1;
			remoteGlobalIDString = 6CF8831625C0432C0025E749;
			remoteInfo = "Module6-HW-2";
		};
/* End PBXContainerItemProxy section */

/* Begin PBXFileReference section */
		6CF8831725C0432C0025E749 /* Module6-HW-2.app */ = {isa = PBXFileReference; explicitFileType = wrapper.application; includeInIndex = 0; path = "Module6-HW-2.app"; sourceTree = BUILT_PRODUCTS_DIR; };
		6CF8831A25C0432C0025E749 /* AppDelegate.swift */ = {isa = PBXFileReference; lastKnownFileType = sourcecode.swift; path = AppDelegate.swift; sourceTree = "<group>"; };
		6CF8831C25C0432C0025E749 /* SceneDelegate.swift */ = {isa = PBXFileReference; lastKnownFileType = sourcecode.swift; path = SceneDelegate.swift; sourceTree = "<group>"; };
		6CF8831E25C0432C0025E749 /* ViewController.swift */ = {isa = PBXFileReference; lastKnownFileType = sourcecode.swift; path = ViewController.swift; sourceTree = "<group>"; };
		6CF8832125C0432C0025E749 /* Base */ = {isa = PBXFileReference; lastKnownFileType = file.storyboard; name = Base; path = Base.lproj/Main.storyboard; sourceTree = "<group>"; };
		6CF8832325C0432F0025E749 /* Assets.xcassets */ = {isa = PBXFileReference; lastKnownFileType = folder.assetcatalog; path = Assets.xcassets; sourceTree = "<group>"; };
		6CF8832625C0432F0025E749 /* Base */ = {isa = PBXFileReference; lastKnownFileType = file.storyboard; name = Base; path = Base.lproj/LaunchScreen.storyboard; sourceTree = "<group>"; };
		6CF8832825C0432F0025E749 /* Info.plist */ = {isa = PBXFileReference; lastKnownFileType = text.plist.xml; path = Info.plist; sourceTree = "<group>"; };
		6CF8832D25C043300025E749 /* Module6-HW-2Tests.xctest */ = {isa = PBXFileReference; explicitFileType = wrapper.cfbundle; includeInIndex = 0; path = "Module6-HW-2Tests.xctest"; sourceTree = BUILT_PRODUCTS_DIR; };
		6CF8833125C043300025E749 /* Module6_HW_2Tests.swift */ = {isa = PBXFileReference; lastKnownFileType = sourcecode.swift; path = Module6_HW_2Tests.swift; sourceTree = "<group>"; };
		6CF8833325C043300025E749 /* Info.plist */ = {isa = PBXFileReference; lastKnownFileType = text.plist.xml; path = Info.plist; sourceTree = "<group>"; };
		6CF8833825C043300025E749 /* Module6-HW-2UITests.xctest */ = {isa = PBXFileReference; explicitFileType = wrapper.cfbundle; includeInIndex = 0; path = "Module6-HW-2UITests.xctest"; sourceTree = BUILT_PRODUCTS_DIR; };
		6CF8833C25C043300025E749 /* Module6_HW_2UITests.swift */ = {isa = PBXFileReference; lastKnownFileType = sourcecode.swift; path = Module6_HW_2UITests.swift; sourceTree = "<group>"; };
		6CF8833E25C043300025E749 /* Info.plist */ = {isa = PBXFileReference; lastKnownFileType = text.plist.xml; path = Info.plist; sourceTree = "<group>"; };
/* End PBXFileReference section */

/* Begin PBXFrameworksBuildPhase section */
		6CF8831425C0432C0025E749 /* Frameworks */ = {
			isa = PBXFrameworksBuildPhase;
			buildActionMask = 2147483647;
			files = (
			);
			runOnlyForDeploymentPostprocessing = 0;
		};
		6CF8832A25C043300025E749 /* Frameworks */ = {
			isa = PBXFrameworksBuildPhase;
			buildActionMask = 2147483647;
			files = (
			);
			runOnlyForDeploymentPostprocessing = 0;
		};
		6CF8833525C043300025E749 /* Frameworks */ = {
			isa = PBXFrameworksBuildPhase;
			buildActionMask = 2147483647;
			files = (
			);
			runOnlyForDeploymentPostprocessing = 0;
		};
/* End PBXFrameworksBuildPhase section */

/* Begin PBXGroup section */
		6CF8830E25C0432C0025E749 = {
			isa = PBXGroup;
			children = (
				6CF8831925C0432C0025E749 /* Module6-HW-2 */,
				6CF8833025C043300025E749 /* Module6-HW-2Tests */,
				6CF8833B25C043300025E749 /* Module6-HW-2UITests */,
				6CF8831825C0432C0025E749 /* Products */,
			);
			sourceTree = "<group>";
		};
		6CF8831825C0432C0025E749 /* Products */ = {
			isa = PBXGroup;
			children = (
				6CF8831725C0432C0025E749 /* Module6-HW-2.app */,
				6CF8832D25C043300025E749 /* Module6-HW-2Tests.xctest */,
				6CF8833825C043300025E749 /* Module6-HW-2UITests.xctest */,
			);
			name = Products;
			sourceTree = "<group>";
		};
		6CF8831925C0432C0025E749 /* Module6-HW-2 */ = {
			isa = PBXGroup;
			children = (
				6CF8831A25C0432C0025E749 /* AppDelegate.swift */,
				6CF8831C25C0432C0025E749 /* SceneDelegate.swift */,
				6CF8831E25C0432C0025E749 /* ViewController.swift */,
				6CF8832025C0432C0025E749 /* Main.storyboard */,
				6CF8832325C0432F0025E749 /* Assets.xcassets */,
				6CF8832525C0432F0025E749 /* LaunchScreen.storyboard */,
				6CF8832825C0432F0025E749 /* Info.plist */,
			);
			path = "Module6-HW-2";
			sourceTree = "<group>";
		};
		6CF8833025C043300025E749 /* Module6-HW-2Tests */ = {
			isa = PBXGroup;
			children = (
				6CF8833125C043300025E749 /* Module6_HW_2Tests.swift */,
				6CF8833325C043300025E749 /* Info.plist */,
			);
			path = "Module6-HW-2Tests";
			sourceTree = "<group>";
		};
		6CF8833B25C043300025E749 /* Module6-HW-2UITests */ = {
			isa = PBXGroup;
			children = (
				6CF8833C25C043300025E749 /* Module6_HW_2UITests.swift */,
				6CF8833E25C043300025E749 /* Info.plist */,
			);
			path = "Module6-HW-2UITests";
			sourceTree = "<group>";
		};
/* End PBXGroup section */

/* Begin PBXNativeTarget section */
		6CF8831625C0432C0025E749 /* Module6-HW-2 */ = {
			isa = PBXNativeTarget;
			buildConfigurationList = 6CF8834125C043300025E749 /* Build configuration list for PBXNativeTarget "Module6-HW-2" */;
			buildPhases = (
				6CF8831325C0432C0025E749 /* Sources */,
				6CF8831425C0432C0025E749 /* Frameworks */,
				6CF8831525C0432C0025E749 /* Resources */,
			);
			buildRules = (
			);
			dependencies = (
			);
			name = "Module6-HW-2";
			productName = "Module6-HW-2";
			productReference = 6CF8831725C0432C0025E749 /* Module6-HW-2.app */;
			productType = "com.apple.product-type.application";
		};
		6CF8832C25C043300025E749 /* Module6-HW-2Tests */ = {
			isa = PBXNativeTarget;
			buildConfigurationList = 6CF8834425C043300025E749 /* Build configuration list for PBXNativeTarget "Module6-HW-2Tests" */;
			buildPhases = (
				6CF8832925C043300025E749 /* Sources */,
				6CF8832A25C043300025E749 /* Frameworks */,
				6CF8832B25C043300025E749 /* Resources */,
			);
			buildRules = (
			);
			dependencies = (
				6CF8832F25C043300025E749 /* PBXTargetDependency */,
			);
			name = "Module6-HW-2Tests";
			productName = "Module6-HW-2Tests";
			productReference = 6CF8832D25C043300025E749 /* Module6-HW-2Tests.xctest */;
			productType = "com.apple.product-type.bundle.unit-test";
		};
		6CF8833725C043300025E749 /* Module6-HW-2UITests */ = {
			isa = PBXNativeTarget;
			buildConfigurationList = 6CF8834725C043300025E749 /* Build configuration list for PBXNativeTarget "Module6-HW-2UITests" */;
			buildPhases = (
				6CF8833425C043300025E749 /* Sources */,
				6CF8833525C043300025E749 /* Frameworks */,
				6CF8833625C043300025E749 /* Resources */,
			);
			buildRules = (
			);
			dependencies = (
				6CF8833A25C043300025E749 /* PBXTargetDependency */,
			);
			name = "Module6-HW-2UITests";
			productName = "Module6-HW-2UITests";
			productReference = 6CF8833825C043300025E749 /* Module6-HW-2UITests.xctest */;
			productType = "com.apple.product-type.bundle.ui-testing";
		};
/* End PBXNativeTarget section */

/* Begin PBXProject section */
		6CF8830F25C0432C0025E749 /* Project object */ = {
			isa = PBXProject;
			attributes = {
				LastSwiftUpdateCheck = 1220;
				LastUpgradeCheck = 1220;
				TargetAttributes = {
					6CF8831625C0432C0025E749 = {
						CreatedOnToolsVersion = 12.2;
					};
					6CF8832C25C043300025E749 = {
						CreatedOnToolsVersion = 12.2;
						TestTargetID = 6CF8831625C0432C0025E749;
					};
					6CF8833725C043300025E749 = {
						CreatedOnToolsVersion = 12.2;
						TestTargetID = 6CF8831625C0432C0025E749;
					};
				};
			};
			buildConfigurationList = 6CF8831225C0432C0025E749 /* Build configuration list for PBXProject "Module6-HW-2" */;
			compatibilityVersion = "Xcode 9.3";
			developmentRegion = en;
			hasScannedForEncodings = 0;
			knownRegions = (
				en,
				Base,
			);
			mainGroup = 6CF8830E25C0432C0025E749;
			productRefGroup = 6CF8831825C0432C0025E749 /* Products */;
			projectDirPath = "";
			projectRoot = "";
			targets = (
				6CF8831625C0432C0025E749 /* Module6-HW-2 */,
				6CF8832C25C043300025E749 /* Module6-HW-2Tests */,
				6CF8833725C043300025E749 /* Module6-HW-2UITests */,
			);
		};
/* End PBXProject section */

/* Begin PBXResourcesBuildPhase section */
		6CF8831525C0432C0025E749 /* Resources */ = {
			isa = PBXResourcesBuildPhase;
			buildActionMask = 2147483647;
			files = (
				6CF8832725C0432F0025E749 /* LaunchScreen.storyboard in Resources */,
				6CF8832425C0432F0025E749 /* Assets.xcassets in Resources */,
				6CF8832225C0432C0025E749 /* Main.storyboard in Resources */,
			);
			runOnlyForDeploymentPostprocessing = 0;
		};
		6CF8832B25C043300025E749 /* Resources */ = {
			isa = PBXResourcesBuildPhase;
			buildActionMask = 2147483647;
			files = (
			);
			runOnlyForDeploymentPostprocessing = 0;
		};
		6CF8833625C043300025E749 /* Resources */ = {
			isa = PBXResourcesBuildPhase;
			buildActionMask = 2147483647;
			files = (
			);
			runOnlyForDeploymentPostprocessing = 0;
		};
/* End PBXResourcesBuildPhase section */

/* Begin PBXSourcesBuildPhase section */
		6CF8831325C0432C0025E749 /* Sources */ = {
			isa = PBXSourcesBuildPhase;
			buildActionMask = 2147483647;
			files = (
				6CF8831F25C0432C0025E749 /* ViewController.swift in Sources */,
				6CF8831B25C0432C0025E749 /* AppDelegate.swift in Sources */,
				6CF8831D25C0432C0025E749 /* SceneDelegate.swift in Sources */,
			);
			runOnlyForDeploymentPostprocessing = 0;
		};
		6CF8832925C043300025E749 /* Sources */ = {
			isa = PBXSourcesBuildPhase;
			buildActionMask = 2147483647;
			files = (
				6CF8833225C043300025E749 /* Module6_HW_2Tests.swift in Sources */,
			);
			runOnlyForDeploymentPostprocessing = 0;
		};
		6CF8833425C043300025E749 /* Sources */ = {
			isa = PBXSourcesBuildPhase;
			buildActionMask = 2147483647;
			files = (
				6CF8833D25C043300025E749 /* Module6_HW_2UITests.swift in Sources */,
			);
			runOnlyForDeploymentPostprocessing = 0;
		};
/* End PBXSourcesBuildPhase section */

/* Begin PBXTargetDependency section */
		6CF8832F25C043300025E749 /* PBXTargetDependency */ = {
			isa = PBXTargetDependency;
			target = 6CF8831625C0432C0025E749 /* Module6-HW-2 */;
			targetProxy = 6CF8832E25C043300025E749 /* PBXContainerItemProxy */;
		};
		6CF8833A25C043300025E749 /* PBXTargetDependency */ = {
			isa = PBXTargetDependency;
			target = 6CF8831625C0432C0025E749 /* Module6-HW-2 */;
			targetProxy = 6CF8833925C043300025E749 /* PBXContainerItemProxy */;
		};
/* End PBXTargetDependency section */

/* Begin PBXVariantGroup section */
		6CF8832025C0432C0025E749 /* Main.storyboard */ = {
			isa = PBXVariantGroup;
			children = (
				6CF8832125C0432C0025E749 /* Base */,
			);
			name = Main.storyboard;
			sourceTree = "<group>";
		};
		6CF8832525C0432F0025E749 /* LaunchScreen.storyboard */ = {
			isa = PBXVariantGroup;
			children = (
				6CF8832625C0432F0025E749 /* Base */,
			);
			name = LaunchScreen.storyboard;
			sourceTree = "<group>";
		};
/* End PBXVariantGroup section */

/* Begin XCBuildConfiguration section */
		6CF8833F25C043300025E749 /* Debug */ = {
			isa = XCBuildConfiguration;
			buildSettings = {
				ALWAYS_SEARCH_USER_PATHS = NO;
				CLANG_ANALYZER_NONNULL = YES;
				CLANG_ANALYZER_NUMBER_OBJECT_CONVERSION = YES_AGGRESSIVE;
				CLANG_CXX_LANGUAGE_STANDARD = "gnu++14";
				CLANG_CXX_LIBRARY = "libc++";
				CLANG_ENABLE_MODULES = YES;
				CLANG_ENABLE_OBJC_ARC = YES;
				CLANG_ENABLE_OBJC_WEAK = YES;
				CLANG_WARN_BLOCK_CAPTURE_AUTORELEASING = YES;
				CLANG_WARN_BOOL_CONVERSION = YES;
				CLANG_WARN_COMMA = YES;
				CLANG_WARN_CONSTANT_CONVERSION = YES;
				CLANG_WARN_DEPRECATED_OBJC_IMPLEMENTATIONS = YES;
				CLANG_WARN_DIRECT_OBJC_ISA_USAGE = YES_ERROR;
				CLANG_WARN_DOCUMENTATION_COMMENTS = YES;
				CLANG_WARN_EMPTY_BODY = YES;
				CLANG_WARN_ENUM_CONVERSION = YES;
				CLANG_WARN_INFINITE_RECURSION = YES;
				CLANG_WARN_INT_CONVERSION = YES;
				CLANG_WARN_NON_LITERAL_NULL_CONVERSION = YES;
				CLANG_WARN_OBJC_IMPLICIT_RETAIN_SELF = YES;
				CLANG_WARN_OBJC_LITERAL_CONVERSION = YES;
				CLANG_WARN_OBJC_ROOT_CLASS = YES_ERROR;
				CLANG_WARN_QUOTED_INCLUDE_IN_FRAMEWORK_HEADER = YES;
				CLANG_WARN_RANGE_LOOP_ANALYSIS = YES;
				CLANG_WARN_STRICT_PROTOTYPES = YES;
				CLANG_WARN_SUSPICIOUS_MOVE = YES;
				CLANG_WARN_UNGUARDED_AVAILABILITY = YES_AGGRESSIVE;
				CLANG_WARN_UNREACHABLE_CODE = YES;
				CLANG_WARN__DUPLICATE_METHOD_MATCH = YES;
				COPY_PHASE_STRIP = NO;
				DEBUG_INFORMATION_FORMAT = dwarf;
				ENABLE_STRICT_OBJC_MSGSEND = YES;
				ENABLE_TESTABILITY = YES;
				GCC_C_LANGUAGE_STANDARD = gnu11;
				GCC_DYNAMIC_NO_PIC = NO;
				GCC_NO_COMMON_BLOCKS = YES;
				GCC_OPTIMIZATION_LEVEL = 0;
				GCC_PREPROCESSOR_DEFINITIONS = (
					"DEBUG=1",
					"$(inherited)",
				);
				GCC_WARN_64_TO_32_BIT_CONVERSION = YES;
				GCC_WARN_ABOUT_RETURN_TYPE = YES_ERROR;
				GCC_WARN_UNDECLARED_SELECTOR = YES;
				GCC_WARN_UNINITIALIZED_AUTOS = YES_AGGRESSIVE;
				GCC_WARN_UNUSED_FUNCTION = YES;
				GCC_WARN_UNUSED_VARIABLE = YES;
				IPHONEOS_DEPLOYMENT_TARGET = 14.2;
				MTL_ENABLE_DEBUG_INFO = INCLUDE_SOURCE;
				MTL_FAST_MATH = YES;
				ONLY_ACTIVE_ARCH = YES;
				SDKROOT = iphoneos;
				SWIFT_ACTIVE_COMPILATION_CONDITIONS = DEBUG;
				SWIFT_OPTIMIZATION_LEVEL = "-Onone";
			};
			name = Debug;
		};
		6CF8834025C043300025E749 /* Release */ = {
			isa = XCBuildConfiguration;
			buildSettings = {
				ALWAYS_SEARCH_USER_PATHS = NO;
				CLANG_ANALYZER_NONNULL = YES;
				CLANG_ANALYZER_NUMBER_OBJECT_CONVERSION = YES_AGGRESSIVE;
				CLANG_CXX_LANGUAGE_STANDARD = "gnu++14";
				CLANG_CXX_LIBRARY = "libc++";
				CLANG_ENABLE_MODULES = YES;
				CLANG_ENABLE_OBJC_ARC = YES;
				CLANG_ENABLE_OBJC_WEAK = YES;
				CLANG_WARN_BLOCK_CAPTURE_AUTORELEASING = YES;
				CLANG_WARN_BOOL_CONVERSION = YES;
				CLANG_WARN_COMMA = YES;
				CLANG_WARN_CONSTANT_CONVERSION = YES;
				CLANG_WARN_DEPRECATED_OBJC_IMPLEMENTATIONS = YES;
				CLANG_WARN_DIRECT_OBJC_ISA_USAGE = YES_ERROR;
				CLANG_WARN_DOCUMENTATION_COMMENTS = YES;
				CLANG_WARN_EMPTY_BODY = YES;
				CLANG_WARN_ENUM_CONVERSION = YES;
				CLANG_WARN_INFINITE_RECURSION = YES;
				CLANG_WARN_INT_CONVERSION = YES;
				CLANG_WARN_NON_LITERAL_NULL_CONVERSION = YES;
				CLANG_WARN_OBJC_IMPLICIT_RETAIN_SELF = YES;
				CLANG_WARN_OBJC_LITERAL_CONVERSION = YES;
				CLANG_WARN_OBJC_ROOT_CLASS = YES_ERROR;
				CLANG_WARN_QUOTED_INCLUDE_IN_FRAMEWORK_HEADER = YES;
				CLANG_WARN_RANGE_LOOP_ANALYSIS = YES;
				CLANG_WARN_STRICT_PROTOTYPES = YES;
				CLANG_WARN_SUSPICIOUS_MOVE = YES;
				CLANG_WARN_UNGUARDED_AVAILABILITY = YES_AGGRESSIVE;
				CLANG_WARN_UNREACHABLE_CODE = YES;
				CLANG_WARN__DUPLICATE_METHOD_MATCH = YES;
				COPY_PHASE_STRIP = NO;
				DEBUG_INFORMATION_FORMAT = "dwarf-with-dsym";
				ENABLE_NS_ASSERTIONS = NO;
				ENABLE_STRICT_OBJC_MSGSEND = YES;
				GCC_C_LANGUAGE_STANDARD = gnu11;
				GCC_NO_COMMON_BLOCKS = YES;
				GCC_WARN_64_TO_32_BIT_CONVERSION = YES;
				GCC_WARN_ABOUT_RETURN_TYPE = YES_ERROR;
				GCC_WARN_UNDECLARED_SELECTOR = YES;
				GCC_WARN_UNINITIALIZED_AUTOS = YES_AGGRESSIVE;
				GCC_WARN_UNUSED_FUNCTION = YES;
				GCC_WARN_UNUSED_VARIABLE = YES;
				IPHONEOS_DEPLOYMENT_TARGET = 14.2;
				MTL_ENABLE_DEBUG_INFO = NO;
				MTL_FAST_MATH = YES;
				SDKROOT = iphoneos;
				SWIFT_COMPILATION_MODE = wholemodule;
				SWIFT_OPTIMIZATION_LEVEL = "-O";
				VALIDATE_PRODUCT = YES;
			};
			name = Release;
		};
		6CF8834225C043300025E749 /* Debug */ = {
			isa = XCBuildConfiguration;
			buildSettings = {
				ASSETCATALOG_COMPILER_APPICON_NAME = AppIcon;
				ASSETCATALOG_COMPILER_GLOBAL_ACCENT_COLOR_NAME = AccentColor;
				CODE_SIGN_STYLE = Automatic;
				DEVELOPMENT_TEAM = 775VFUW2T5;
				INFOPLIST_FILE = "Module6-HW-2/Info.plist";
				LD_RUNPATH_SEARCH_PATHS = (
					"$(inherited)",
					"@executable_path/Frameworks",
				);
				PRODUCT_BUNDLE_IDENTIFIER = "com.maxd.Module6-HW-2";
				PRODUCT_NAME = "$(TARGET_NAME)";
				SWIFT_VERSION = 5.0;
				TARGETED_DEVICE_FAMILY = "1,2";
			};
			name = Debug;
		};
		6CF8834325C043300025E749 /* Release */ = {
			isa = XCBuildConfiguration;
			buildSettings = {
				ASSETCATALOG_COMPILER_APPICON_NAME = AppIcon;
				ASSETCATALOG_COMPILER_GLOBAL_ACCENT_COLOR_NAME = AccentColor;
				CODE_SIGN_STYLE = Automatic;
				DEVELOPMENT_TEAM = 775VFUW2T5;
				INFOPLIST_FILE = "Module6-HW-2/Info.plist";
				LD_RUNPATH_SEARCH_PATHS = (
					"$(inherited)",
					"@executable_path/Frameworks",
				);
				PRODUCT_BUNDLE_IDENTIFIER = "com.maxd.Module6-HW-2";
				PRODUCT_NAME = "$(TARGET_NAME)";
				SWIFT_VERSION = 5.0;
				TARGETED_DEVICE_FAMILY = "1,2";
			};
			name = Release;
		};
		6CF8834525C043300025E749 /* Debug */ = {
			isa = XCBuildConfiguration;
			buildSettings = {
				ALWAYS_EMBED_SWIFT_STANDARD_LIBRARIES = YES;
				BUNDLE_LOADER = "$(TEST_HOST)";
				CODE_SIGN_STYLE = Automatic;
				DEVELOPMENT_TEAM = 775VFUW2T5;
				INFOPLIST_FILE = "Module6-HW-2Tests/Info.plist";
				IPHONEOS_DEPLOYMENT_TARGET = 14.2;
				LD_RUNPATH_SEARCH_PATHS = (
					"$(inherited)",
					"@executable_path/Frameworks",
					"@loader_path/Frameworks",
				);
				PRODUCT_BUNDLE_IDENTIFIER = "com.maxd.Module6-HW-2Tests";
				PRODUCT_NAME = "$(TARGET_NAME)";
				SWIFT_VERSION = 5.0;
				TARGETED_DEVICE_FAMILY = "1,2";
				TEST_HOST = "$(BUILT_PRODUCTS_DIR)/Module6-HW-2.app/Module6-HW-2";
			};
			name = Debug;
		};
		6CF8834625C043300025E749 /* Release */ = {
			isa = XCBuildConfiguration;
			buildSettings = {
				ALWAYS_EMBED_SWIFT_STANDARD_LIBRARIES = YES;
				BUNDLE_LOADER = "$(TEST_HOST)";
				CODE_SIGN_STYLE = Automatic;
				DEVELOPMENT_TEAM = 775VFUW2T5;
				INFOPLIST_FILE = "Module6-HW-2Tests/Info.plist";
				IPHONEOS_DEPLOYMENT_TARGET = 14.2;
				LD_RUNPATH_SEARCH_PATHS = (
					"$(inherited)",
					"@executable_path/Frameworks",
					"@loader_path/Frameworks",
				);
				PRODUCT_BUNDLE_IDENTIFIER = "com.maxd.Module6-HW-2Tests";
				PRODUCT_NAME = "$(TARGET_NAME)";
				SWIFT_VERSION = 5.0;
				TARGETED_DEVICE_FAMILY = "1,2";
				TEST_HOST = "$(BUILT_PRODUCTS_DIR)/Module6-HW-2.app/Module6-HW-2";
			};
			name = Release;
		};
		6CF8834825C043300025E749 /* Debug */ = {
			isa = XCBuildConfiguration;
			buildSettings = {
				ALWAYS_EMBED_SWIFT_STANDARD_LIBRARIES = YES;
				CODE_SIGN_STYLE = Automatic;
				DEVELOPMENT_TEAM = 775VFUW2T5;
				INFOPLIST_FILE = "Module6-HW-2UITests/Info.plist";
				LD_RUNPATH_SEARCH_PATHS = (
					"$(inherited)",
					"@executable_path/Frameworks",
					"@loader_path/Frameworks",
				);
				PRODUCT_BUNDLE_IDENTIFIER = "com.maxd.Module6-HW-2UITests";
				PRODUCT_NAME = "$(TARGET_NAME)";
				SWIFT_VERSION = 5.0;
				TARGETED_DEVICE_FAMILY = "1,2";
				TEST_TARGET_NAME = "Module6-HW-2";
			};
			name = Debug;
		};
		6CF8834925C043300025E749 /* Release */ = {
			isa = XCBuildConfiguration;
			buildSettings = {
				ALWAYS_EMBED_SWIFT_STANDARD_LIBRARIES = YES;
				CODE_SIGN_STYLE = Automatic;
				DEVELOPMENT_TEAM = 775VFUW2T5;
				INFOPLIST_FILE = "Module6-HW-2UITests/Info.plist";
				LD_RUNPATH_SEARCH_PATHS = (
					"$(inherited)",
					"@executable_path/Frameworks",
					"@loader_path/Frameworks",
				);
				PRODUCT_BUNDLE_IDENTIFIER = "com.maxd.Module6-HW-2UITests";
				PRODUCT_NAME = "$(TARGET_NAME)";
				SWIFT_VERSION = 5.0;
				TARGETED_DEVICE_FAMILY = "1,2";
				TEST_TARGET_NAME = "Module6-HW-2";
			};
			name = Release;
		};
/* End XCBuildConfiguration section */

/* Begin XCConfigurationList section */
		6CF8831225C0432C0025E749 /* Build configuration list for PBXProject "Module6-HW-2" */ = {
			isa = XCConfigurationList;
			buildConfigurations = (
				6CF8833F25C043300025E749 /* Debug */,
				6CF8834025C043300025E749 /* Release */,
			);
			defaultConfigurationIsVisible = 0;
			defaultConfigurationName = Release;
		};
		6CF8834125C043300025E749 /* Build configuration list for PBXNativeTarget "Module6-HW-2" */ = {
			isa = XCConfigurationList;
			buildConfigurations = (
				6CF8834225C043300025E749 /* Debug */,
				6CF8834325C043300025E749 /* Release */,
			);
			defaultConfigurationIsVisible = 0;
			defaultConfigurationName = Release;
		};
		6CF8834425C043300025E749 /* Build configuration list for PBXNativeTarget "Module6-HW-2Tests" */ = {
			isa = XCConfigurationList;
			buildConfigurations = (
				6CF8834525C043300025E749 /* Debug */,
				6CF8834625C043300025E749 /* Release */,
			);
			defaultConfigurationIsVisible = 0;
			defaultConfigurationName = Release;
		};
		6CF8834725C043300025E749 /* Build configuration list for PBXNativeTarget "Module6-HW-2UITests" */ = {
			isa = XCConfigurationList;
			buildConfigurations = (
				6CF8834825C043300025E749 /* Debug */,
				6CF8834925C043300025E749 /* Release */,
			);
			defaultConfigurationIsVisible = 0;
			defaultConfigurationName = Release;
		};
/* End XCConfigurationList section */
	};
	rootObject = 6CF8830F25C0432C0025E749 /* Project object */;
}
